
Microsoft Visual Studio Solution File, Format Version 12.00
# Visual Studio Version 16
VisualStudioVersion = 16.0.32228.343
MinimumVisualStudioVersion = 10.0.40219.1
Project("{FAE04EC0-301F-11D3-BF4B-00C04F79EFBC}") = "ApiCountriesV7", "ApiCountriesV7\ApiCountriesV7.csproj", "{57C689ED-C006-49E1-9DC0-755350FD333A}"
EndProject
Global
	GlobalSection(SolutionConfigurationPlatforms) = preSolution
		Debug|Any CPU = Debug|Any CPU
		Release|Any CPU = Release|Any CPU
	EndGlobalSection
	GlobalSection(ProjectConfigurationPlatforms) = postSolution
		{57C689ED-C006-49E1-9DC0-755350FD333A}.Debug|Any CPU.ActiveCfg = Debug|Any CPU
		{57C689ED-C006-49E1-9DC0-755350FD333A}.Debug|Any CPU.Build.0 = Debug|Any CPU
		{57C689ED-C006-49E1-9DC0-755350FD333A}.Release|Any CPU.ActiveCfg = Release|Any CPU
		{57C689ED-C006-49E1-9DC0-755350FD333A}.Release|Any CPU.Build.0 = Release|Any CPU
	EndGlobalSection
	GlobalSection(SolutionProperties) = preSolution
		HideSolutionNode = FALSE
	EndGlobalSection
	GlobalSection(ExtensibilityGlobals) = postSolution
		SolutionGuid = {855CD5B3-A567-4111-9BBC-D02E0A3417C9}
	EndGlobalSection
EndGlobal
